{
  "name": "kiraupload",
  "version": "1.0.0",
  "lockfileVersion": 1,
  "requires": true,
  "dependencies": {
    "aws-wkhtmltopdf": {
      "version": "0.1.1",
      "resolved": "https://registry.npmjs.org/aws-wkhtmltopdf/-/aws-wkhtmltopdf-0.1.1.tgz",
      "integrity": "sha512-vfxseE0bivk63c8X+YouAcS+m8x+H2+mpjSj2+IeaApscQMM4ywCHjeCUbOv24NIoZHJLm5nAvPu0qISDb5jFw=="
    }
  }
}
